
Microsoft Visual Studio Solution File, Format Version 12.00
# Visual Studio Version 16
VisualStudioVersion = 16.0.31624.102
MinimumVisualStudioVersion = 10.0.40219.1
Project("{FAE04EC0-301F-11D3-BF4B-00C04F79EFBC}") = "AutoService", "AutoService\AutoService.csproj", "{E3F39136-54C0-42C9-BB3D-36999A08671E}"
EndProject
Global
	GlobalSection(SolutionConfigurationPlatforms) = preSolution
		Debug|Any CPU = Debug|Any CPU
		Release|Any CPU = Release|Any CPU
	EndGlobalSection
	GlobalSection(ProjectConfigurationPlatforms) = postSolution
		{E3F39136-54C0-42C9-BB3D-36999A08671E}.Debug|Any CPU.ActiveCfg = Debug|Any CPU
		{E3F39136-54C0-42C9-BB3D-36999A08671E}.Debug|Any CPU.Build.0 = Debug|Any CPU
		{E3F39136-54C0-42C9-BB3D-36999A08671E}.Release|Any CPU.ActiveCfg = Release|Any CPU
		{E3F39136-54C0-42C9-BB3D-36999A08671E}.Release|Any CPU.Build.0 = Release|Any CPU
	EndGlobalSection
	GlobalSection(SolutionProperties) = preSolution
		HideSolutionNode = FALSE
	EndGlobalSection
	GlobalSection(ExtensibilityGlobals) = postSolution
		SolutionGuid = {15CBBEDB-20BC-42CB-BED4-7ED31C8FCCF8}
	EndGlobalSection
EndGlobal
